
Microsoft Visual Studio Solution File, Format Version 12.00
# Visual Studio 2013
VisualStudioVersion = 12.0.30501.0
MinimumVisualStudioVersion = 10.0.40219.1
Project("{FAE04EC0-301F-11D3-BF4B-00C04F79EFBC}") = "Tempbre", "Tempbre\Tempbre.csproj", "{8D842119-70DC-4D8B-B5A7-10E61C9D00A3}"
EndProject
Project("{FAE04EC0-301F-11D3-BF4B-00C04F79EFBC}") = "TempbreTests", "TempbreTests\TempbreTests.csproj", "{B7DD34EF-3F9C-46BF-A7BD-DD299870155A}"
EndProject
Global
	GlobalSection(SolutionConfigurationPlatforms) = preSolution
		Debug|Any CPU = Debug|Any CPU
		Release|Any CPU = Release|Any CPU
	EndGlobalSection
	GlobalSection(ProjectConfigurationPlatforms) = postSolution
		{8D842119-70DC-4D8B-B5A7-10E61C9D00A3}.Debug|Any CPU.ActiveCfg = Debug|Any CPU
		{8D842119-70DC-4D8B-B5A7-10E61C9D00A3}.Debug|Any CPU.Build.0 = Debug|Any CPU
		{8D842119-70DC-4D8B-B5A7-10E61C9D00A3}.Release|Any CPU.ActiveCfg = Release|Any CPU
		{8D842119-70DC-4D8B-B5A7-10E61C9D00A3}.Release|Any CPU.Build.0 = Release|Any CPU
		{B7DD34EF-3F9C-46BF-A7BD-DD299870155A}.Debug|Any CPU.ActiveCfg = Debug|Any CPU
		{B7DD34EF-3F9C-46BF-A7BD-DD299870155A}.Debug|Any CPU.Build.0 = Debug|Any CPU
		{B7DD34EF-3F9C-46BF-A7BD-DD299870155A}.Release|Any CPU.ActiveCfg = Release|Any CPU
		{B7DD34EF-3F9C-46BF-A7BD-DD299870155A}.Release|Any CPU.Build.0 = Release|Any CPU
	EndGlobalSection
	GlobalSection(SolutionProperties) = preSolution
		HideSolutionNode = FALSE
	EndGlobalSection
EndGlobal
